
Microsoft Visual Studio Solution File, Format Version 11.00
# Visual Studio 2010
Project("{FAE04EC0-301F-11D3-BF4B-00C04F79EFBC}") = "Parameters", "Parameters\Parameters.csproj", "{52E5D5C4-6E7C-4672-A86D-7C2A1F3B5B33}"
EndProject
Project("{FAE04EC0-301F-11D3-BF4B-00C04F79EFBC}") = "ClassForUnitTest", "ClassForUnitTest\ClassForUnitTest.csproj", "{736A5555-AADD-44BB-AA3A-1DBE2B439A3F}"
EndProject
Project("{2150E333-8FDC-42A3-9474-1A3956D46DE8}") = "Solution Items", "Solution Items", "{413E10A5-4842-4191-B828-2B5E3AC97C5A}"
EndProject
Project("{FAE04EC0-301F-11D3-BF4B-00C04F79EFBC}") = "NUnitTest", "NUnitTest\NUnitTest.csproj", "{DFFF5AA9-7E4E-4FFB-B050-D5D1BB397B24}"
EndProject
Project("{FAE04EC0-301F-11D3-BF4B-00C04F79EFBC}") = "MethodRefactorDemo", "MethodRefactorDemo\MethodRefactorDemo.csproj", "{9C4AB814-EBE0-49D4-8D0C-25A148ABCA96}"
EndProject
Global
	GlobalSection(TestCaseManagementSettings) = postSolution
		CategoryFile = NET.CSharp.03.vsmdi
	EndGlobalSection
	GlobalSection(SolutionConfigurationPlatforms) = preSolution
		Debug|Any CPU = Debug|Any CPU
		Debug|Mixed Platforms = Debug|Mixed Platforms
		Debug|x86 = Debug|x86
		Release|Any CPU = Release|Any CPU
		Release|Mixed Platforms = Release|Mixed Platforms
		Release|x86 = Release|x86
	EndGlobalSection
	GlobalSection(ProjectConfigurationPlatforms) = postSolution
		{52E5D5C4-6E7C-4672-A86D-7C2A1F3B5B33}.Debug|Any CPU.ActiveCfg = Debug|x86
		{52E5D5C4-6E7C-4672-A86D-7C2A1F3B5B33}.Debug|Mixed Platforms.ActiveCfg = Debug|x86
		{52E5D5C4-6E7C-4672-A86D-7C2A1F3B5B33}.Debug|Mixed Platforms.Build.0 = Debug|x86
		{52E5D5C4-6E7C-4672-A86D-7C2A1F3B5B33}.Debug|x86.ActiveCfg = Debug|x86
		{52E5D5C4-6E7C-4672-A86D-7C2A1F3B5B33}.Debug|x86.Build.0 = Debug|x86
		{52E5D5C4-6E7C-4672-A86D-7C2A1F3B5B33}.Release|Any CPU.ActiveCfg = Release|x86
		{52E5D5C4-6E7C-4672-A86D-7C2A1F3B5B33}.Release|Mixed Platforms.ActiveCfg = Release|x86
		{52E5D5C4-6E7C-4672-A86D-7C2A1F3B5B33}.Release|Mixed Platforms.Build.0 = Release|x86
		{52E5D5C4-6E7C-4672-A86D-7C2A1F3B5B33}.Release|x86.ActiveCfg = Release|x86
		{52E5D5C4-6E7C-4672-A86D-7C2A1F3B5B33}.Release|x86.Build.0 = Release|x86
		{736A5555-AADD-44BB-AA3A-1DBE2B439A3F}.Debug|Any CPU.ActiveCfg = Debug|Any CPU
		{736A5555-AADD-44BB-AA3A-1DBE2B439A3F}.Debug|Any CPU.Build.0 = Debug|Any CPU
		{736A5555-AADD-44BB-AA3A-1DBE2B439A3F}.Debug|Mixed Platforms.ActiveCfg = Debug|Any CPU
		{736A5555-AADD-44BB-AA3A-1DBE2B439A3F}.Debug|Mixed Platforms.Build.0 = Debug|Any CPU
		{736A5555-AADD-44BB-AA3A-1DBE2B439A3F}.Debug|x86.ActiveCfg = Debug|Any CPU
		{736A5555-AADD-44BB-AA3A-1DBE2B439A3F}.Release|Any CPU.ActiveCfg = Release|Any CPU
		{736A5555-AADD-44BB-AA3A-1DBE2B439A3F}.Release|Any CPU.Build.0 = Release|Any CPU
		{736A5555-AADD-44BB-AA3A-1DBE2B439A3F}.Release|Mixed Platforms.ActiveCfg = Release|Any CPU
		{736A5555-AADD-44BB-AA3A-1DBE2B439A3F}.Release|Mixed Platforms.Build.0 = Release|Any CPU
		{736A5555-AADD-44BB-AA3A-1DBE2B439A3F}.Release|x86.ActiveCfg = Release|Any CPU
		{DFFF5AA9-7E4E-4FFB-B050-D5D1BB397B24}.Debug|Any CPU.ActiveCfg = Debug|Any CPU
		{DFFF5AA9-7E4E-4FFB-B050-D5D1BB397B24}.Debug|Any CPU.Build.0 = Debug|Any CPU
		{DFFF5AA9-7E4E-4FFB-B050-D5D1BB397B24}.Debug|Mixed Platforms.ActiveCfg = Debug|Any CPU
		{DFFF5AA9-7E4E-4FFB-B050-D5D1BB397B24}.Debug|Mixed Platforms.Build.0 = Debug|Any CPU
		{DFFF5AA9-7E4E-4FFB-B050-D5D1BB397B24}.Debug|x86.ActiveCfg = Debug|Any CPU
		{DFFF5AA9-7E4E-4FFB-B050-D5D1BB397B24}.Release|Any CPU.ActiveCfg = Release|Any CPU
		{DFFF5AA9-7E4E-4FFB-B050-D5D1BB397B24}.Release|Any CPU.Build.0 = Release|Any CPU
		{DFFF5AA9-7E4E-4FFB-B050-D5D1BB397B24}.Release|Mixed Platforms.ActiveCfg = Release|Any CPU
		{DFFF5AA9-7E4E-4FFB-B050-D5D1BB397B24}.Release|Mixed Platforms.Build.0 = Release|Any CPU
		{DFFF5AA9-7E4E-4FFB-B050-D5D1BB397B24}.Release|x86.ActiveCfg = Release|Any CPU
		{9C4AB814-EBE0-49D4-8D0C-25A148ABCA96}.Debug|Any CPU.ActiveCfg = Debug|x86
		{9C4AB814-EBE0-49D4-8D0C-25A148ABCA96}.Debug|Mixed Platforms.ActiveCfg = Debug|x86
		{9C4AB814-EBE0-49D4-8D0C-25A148ABCA96}.Debug|Mixed Platforms.Build.0 = Debug|x86
		{9C4AB814-EBE0-49D4-8D0C-25A148ABCA96}.Debug|x86.ActiveCfg = Debug|x86
		{9C4AB814-EBE0-49D4-8D0C-25A148ABCA96}.Debug|x86.Build.0 = Debug|x86
		{9C4AB814-EBE0-49D4-8D0C-25A148ABCA96}.Release|Any CPU.ActiveCfg = Release|x86
		{9C4AB814-EBE0-49D4-8D0C-25A148ABCA96}.Release|Mixed Platforms.ActiveCfg = Release|x86
		{9C4AB814-EBE0-49D4-8D0C-25A148ABCA96}.Release|Mixed Platforms.Build.0 = Release|x86
		{9C4AB814-EBE0-49D4-8D0C-25A148ABCA96}.Release|x86.ActiveCfg = Release|x86
		{9C4AB814-EBE0-49D4-8D0C-25A148ABCA96}.Release|x86.Build.0 = Release|x86
	EndGlobalSection
	GlobalSection(SolutionProperties) = preSolution
		HideSolutionNode = FALSE
	EndGlobalSection
EndGlobal
