
Microsoft Visual Studio Solution File, Format Version 11.00
# Visual Studio 2010
Project("{FAE04EC0-301F-11D3-BF4B-00C04F79EFBC}") = "UsingInheritance", "UsingInheritance\UsingInheritance.csproj", "{92BA1567-4C62-459F-B19E-47E424A72212}"
EndProject
Project("{FAE04EC0-301F-11D3-BF4B-00C04F79EFBC}") = "InterfaceImplemantation", "InterfaceImplemantation\InterfaceImplemantation.csproj", "{7C4B2573-A1DB-4897-B812-8DA438009A35}"
EndProject
Project("{FAE04EC0-301F-11D3-BF4B-00C04F79EFBC}") = "CreatingAnAbstractClass", "CreatingAnAbstractClass\CreatingAnAbstractClass.csproj", "{27DB0EBF-E11B-41AA-8DFC-935D303F8F17}"
EndProject
Global
	GlobalSection(SolutionConfigurationPlatforms) = preSolution
		Debug|x86 = Debug|x86
		Release|x86 = Release|x86
	EndGlobalSection
	GlobalSection(ProjectConfigurationPlatforms) = postSolution
		{92BA1567-4C62-459F-B19E-47E424A72212}.Debug|x86.ActiveCfg = Debug|x86
		{92BA1567-4C62-459F-B19E-47E424A72212}.Debug|x86.Build.0 = Debug|x86
		{92BA1567-4C62-459F-B19E-47E424A72212}.Release|x86.ActiveCfg = Release|x86
		{92BA1567-4C62-459F-B19E-47E424A72212}.Release|x86.Build.0 = Release|x86
		{7C4B2573-A1DB-4897-B812-8DA438009A35}.Debug|x86.ActiveCfg = Debug|x86
		{7C4B2573-A1DB-4897-B812-8DA438009A35}.Debug|x86.Build.0 = Debug|x86
		{7C4B2573-A1DB-4897-B812-8DA438009A35}.Release|x86.ActiveCfg = Release|x86
		{7C4B2573-A1DB-4897-B812-8DA438009A35}.Release|x86.Build.0 = Release|x86
		{27DB0EBF-E11B-41AA-8DFC-935D303F8F17}.Debug|x86.ActiveCfg = Debug|x86
		{27DB0EBF-E11B-41AA-8DFC-935D303F8F17}.Debug|x86.Build.0 = Debug|x86
		{27DB0EBF-E11B-41AA-8DFC-935D303F8F17}.Release|x86.ActiveCfg = Release|x86
		{27DB0EBF-E11B-41AA-8DFC-935D303F8F17}.Release|x86.Build.0 = Release|x86
	EndGlobalSection
	GlobalSection(SolutionProperties) = preSolution
		HideSolutionNode = FALSE
	EndGlobalSection
EndGlobal
